
Microsoft Visual Studio Solution File, Format Version 12.00
# Visual Studio Version 17
VisualStudioVersion = 17.11.34909.67
MinimumVisualStudioVersion = 10.0.40219.1
Project("{FAE04EC0-301F-11D3-BF4B-00C04F79EFBC}") = "ConsoleApp1", "ConsoleApp1\ConsoleApp1.csproj", "{9688DB3D-B736-4B56-A396-A1686E414653}"
EndProject
Project("{FAE04EC0-301F-11D3-BF4B-00C04F79EFBC}") = "TestProject1", "TestProject1\TestProject1.csproj", "{339504EF-34A3-4E07-A465-24F227EFCD29}"
EndProject
Global
	GlobalSection(SolutionConfigurationPlatforms) = preSolution
		Debug|Any CPU = Debug|Any CPU
		Release|Any CPU = Release|Any CPU
	EndGlobalSection
	GlobalSection(ProjectConfigurationPlatforms) = postSolution
		{9688DB3D-B736-4B56-A396-A1686E414653}.Debug|Any CPU.ActiveCfg = Debug|Any CPU
		{9688DB3D-B736-4B56-A396-A1686E414653}.Debug|Any CPU.Build.0 = Debug|Any CPU
		{9688DB3D-B736-4B56-A396-A1686E414653}.Release|Any CPU.ActiveCfg = Release|Any CPU
		{9688DB3D-B736-4B56-A396-A1686E414653}.Release|Any CPU.Build.0 = Release|Any CPU
		{339504EF-34A3-4E07-A465-24F227EFCD29}.Debug|Any CPU.ActiveCfg = Debug|Any CPU
		{339504EF-34A3-4E07-A465-24F227EFCD29}.Debug|Any CPU.Build.0 = Debug|Any CPU
		{339504EF-34A3-4E07-A465-24F227EFCD29}.Release|Any CPU.ActiveCfg = Release|Any CPU
		{339504EF-34A3-4E07-A465-24F227EFCD29}.Release|Any CPU.Build.0 = Release|Any CPU
	EndGlobalSection
	GlobalSection(SolutionProperties) = preSolution
		HideSolutionNode = FALSE
	EndGlobalSection
	GlobalSection(ExtensibilityGlobals) = postSolution
		SolutionGuid = {AF06623E-C0BE-4A7B-8824-32D6045BDB19}
	EndGlobalSection
EndGlobal
