
Microsoft Visual Studio Solution File, Format Version 12.00
# Visual Studio Version 17
VisualStudioVersion = 17.11.34909.67
MinimumVisualStudioVersion = 10.0.40219.1
Project("{9A19103F-16F7-4668-BE54-9A1E7A4F7556}") = "ConsoleApp1", "ConsoleApp1\ConsoleApp1.csproj", "{9688DB3D-B736-4B56-A396-A1686E414653}"
EndProject
Project("{9A19103F-16F7-4668-BE54-9A1E7A4F7556}") = "TestProject1", "TestProject1\TestProject1.csproj", "{339504EF-34A3-4E07-A465-24F227EFCD29}"
EndProject
Project("{2150E333-8FDC-42A3-9474-1A3956D46DE8}") = "Solution Items", "Solution Items", "{2FCBCF0F-19D5-435C-BEA2-846FB327D68A}"
	ProjectSection(SolutionItems) = preProject
		.github\workflows\build.yml = .github\workflows\build.yml
	EndProjectSection
EndProject
Global
	GlobalSection(SolutionConfigurationPlatforms) = preSolution
		Debug|Any CPU = Debug|Any CPU
		Release|Any CPU = Release|Any CPU
	EndGlobalSection
	GlobalSection(ProjectConfigurationPlatforms) = postSolution
		{9688DB3D-B736-4B56-A396-A1686E414653}.Debug|Any CPU.ActiveCfg = Debug|Any CPU
		{9688DB3D-B736-4B56-A396-A1686E414653}.Debug|Any CPU.Build.0 = Debug|Any CPU
		{9688DB3D-B736-4B56-A396-A1686E414653}.Release|Any CPU.ActiveCfg = Release|Any CPU
		{9688DB3D-B736-4B56-A396-A1686E414653}.Release|Any CPU.Build.0 = Release|Any CPU
		{339504EF-34A3-4E07-A465-24F227EFCD29}.Debug|Any CPU.ActiveCfg = Debug|Any CPU
		{339504EF-34A3-4E07-A465-24F227EFCD29}.Debug|Any CPU.Build.0 = Debug|Any CPU
		{339504EF-34A3-4E07-A465-24F227EFCD29}.Release|Any CPU.ActiveCfg = Release|Any CPU
		{339504EF-34A3-4E07-A465-24F227EFCD29}.Release|Any CPU.Build.0 = Release|Any CPU
	EndGlobalSection
	GlobalSection(SolutionProperties) = preSolution
		HideSolutionNode = FALSE
	EndGlobalSection
	GlobalSection(ExtensibilityGlobals) = postSolution
		SolutionGuid = {AF06623E-C0BE-4A7B-8824-32D6045BDB19}
	EndGlobalSection
EndGlobal
